// !$*UTF8*$!
{
	archiveVersion = 1;
	classes = {
	};
	objectVersion = 50;
	objects = {

/* Begin PBXBuildFile section */
		54A48679260F59C0009AA8BD /* SwiftCloneUpdatedApp.swift in Sources */ = {isa = PBXBuildFile; fileRef = 54A48678260F59C0009AA8BD /* SwiftCloneUpdatedApp.swift */; };
		54A4867D260F59C0009AA8BD /* Assets.xcassets in Resources */ = {isa = PBXBuildFile; fileRef = 54A4867C260F59C0009AA8BD /* Assets.xcassets */; };
		54A48680260F59C0009AA8BD /* Preview Assets.xcassets in Resources */ = {isa = PBXBuildFile; fileRef = 54A4867F260F59C0009AA8BD /* Preview Assets.xcassets */; };
		54A48691260F59FC009AA8BD /* FeedScreen.swift in Sources */ = {isa = PBXBuildFile; fileRef = 54A4868E260F59FC009AA8BD /* FeedScreen.swift */; };
		54A48692260F59FC009AA8BD /* SearchScreen.swift in Sources */ = {isa = PBXBuildFile; fileRef = 54A4868F260F59FC009AA8BD /* SearchScreen.swift */; };
		54A48693260F59FC009AA8BD /* EntryScreen.swift in Sources */ = {isa = PBXBuildFile; fileRef = 54A48690260F59FC009AA8BD /* EntryScreen.swift */; };
		54A48697260F5A0B009AA8BD /* TweetCell.swift in Sources */ = {isa = PBXBuildFile; fileRef = 54A48696260F5A0B009AA8BD /* TweetCell.swift */; };
		54A4869B260F62C7009AA8BD /* SearchBar.swift in Sources */ = {isa = PBXBuildFile; fileRef = 54A4869A260F62C7009AA8BD /* SearchBar.swift */; };
		54A4869E260F68D1009AA8BD /* UserCell.swift in Sources */ = {isa = PBXBuildFile; fileRef = 54A4869D260F68D1009AA8BD /* UserCell.swift */; };
/* End PBXBuildFile section */

/* Begin PBXFileReference section */
		54A48675260F59C0009AA8BD /* SwiftCloneUpdated.app */ = {isa = PBXFileReference; explicitFileType = wrapper.application; includeInIndex = 0; path = SwiftCloneUpdated.app; sourceTree = BUILT_PRODUCTS_DIR; };
		54A48678260F59C0009AA8BD /* SwiftCloneUpdatedApp.swift */ = {isa = PBXFileReference; lastKnownFileType = sourcecode.swift; path = SwiftCloneUpdatedApp.swift; sourceTree = "<group>"; };
		54A4867C260F59C0009AA8BD /* Assets.xcassets */ = {isa = PBXFileReference; lastKnownFileType = folder.assetcatalog; path = Assets.xcassets; sourceTree = "<group>"; };
		54A4867F260F59C0009AA8BD /* Preview Assets.xcassets */ = {isa = PBXFileReference; lastKnownFileType = folder.assetcatalog; path = "Preview Assets.xcassets"; sourceTree = "<group>"; };
		54A48681260F59C0009AA8BD /* Info.plist */ = {isa = PBXFileReference; lastKnownFileType = text.plist.xml; path = Info.plist; sourceTree = "<group>"; };
		54A4868E260F59FC009AA8BD /* FeedScreen.swift */ = {isa = PBXFileReference; fileEncoding = 4; lastKnownFileType = sourcecode.swift; path = FeedScreen.swift; sourceTree = "<group>"; };
		54A4868F260F59FC009AA8BD /* SearchScreen.swift */ = {isa = PBXFileReference; fileEncoding = 4; lastKnownFileType = sourcecode.swift; path = SearchScreen.swift; sourceTree = "<group>"; };
		54A48690260F59FC009AA8BD /* EntryScreen.swift */ = {isa = PBXFileReference; fileEncoding = 4; lastKnownFileType = sourcecode.swift; path = EntryScreen.swift; sourceTree = "<group>"; };
		54A48696260F5A0B009AA8BD /* TweetCell.swift */ = {isa = PBXFileReference; fileEncoding = 4; lastKnownFileType = sourcecode.swift; path = TweetCell.swift; sourceTree = "<group>"; };
		54A4869A260F62C7009AA8BD /* SearchBar.swift */ = {isa = PBXFileReference; lastKnownFileType = sourcecode.swift; path = SearchBar.swift; sourceTree = "<group>"; };
		54A4869D260F68D1009AA8BD /* UserCell.swift */ = {isa = PBXFileReference; lastKnownFileType = sourcecode.swift; path = UserCell.swift; sourceTree = "<group>"; };
/* End PBXFileReference section */

/* Begin PBXFrameworksBuildPhase section */
		54A48672260F59C0009AA8BD /* Frameworks */ = {
			isa = PBXFrameworksBuildPhase;
			buildActionMask = 2147483647;
			files = (
			);
			runOnlyForDeploymentPostprocessing = 0;
		};
/* End PBXFrameworksBuildPhase section */

/* Begin PBXGroup section */
		54A4866C260F59C0009AA8BD = {
			isa = PBXGroup;
			children = (
				54A48677260F59C0009AA8BD /* SwiftCloneUpdated */,
				54A48676260F59C0009AA8BD /* Products */,
			);
			sourceTree = "<group>";
		};
		54A48676260F59C0009AA8BD /* Products */ = {
			isa = PBXGroup;
			children = (
				54A48675260F59C0009AA8BD /* SwiftCloneUpdated.app */,
			);
			name = Products;
			sourceTree = "<group>";
		};
		54A48677260F59C0009AA8BD /* SwiftCloneUpdated */ = {
			isa = PBXGroup;
			children = (
				54A4868D260F59EE009AA8BD /* Views */,
				54A48678260F59C0009AA8BD /* SwiftCloneUpdatedApp.swift */,
				54A4867C260F59C0009AA8BD /* Assets.xcassets */,
				54A48681260F59C0009AA8BD /* Info.plist */,
				54A4867E260F59C0009AA8BD /* Preview Content */,
			);
			path = SwiftCloneUpdated;
			sourceTree = "<group>";
		};
		54A4867E260F59C0009AA8BD /* Preview Content */ = {
			isa = PBXGroup;
			children = (
				54A4867F260F59C0009AA8BD /* Preview Assets.xcassets */,
			);
			path = "Preview Content";
			sourceTree = "<group>";
		};
		54A4868D260F59EE009AA8BD /* Views */ = {
			isa = PBXGroup;
			children = (
				54A48695260F59FF009AA8BD /* Subviews */,
				54A48690260F59FC009AA8BD /* EntryScreen.swift */,
				54A4868E260F59FC009AA8BD /* FeedScreen.swift */,
				54A4868F260F59FC009AA8BD /* SearchScreen.swift */,
			);
			path = Views;
			sourceTree = "<group>";
		};
		54A48695260F59FF009AA8BD /* Subviews */ = {
			isa = PBXGroup;
			children = (
				54A48696260F5A0B009AA8BD /* TweetCell.swift */,
				54A4869A260F62C7009AA8BD /* SearchBar.swift */,
				54A4869D260F68D1009AA8BD /* UserCell.swift */,
			);
			path = Subviews;
			sourceTree = "<group>";
		};
/* End PBXGroup section */

/* Begin PBXNativeTarget section */
		54A48674260F59C0009AA8BD /* SwiftCloneUpdated */ = {
			isa = PBXNativeTarget;
			buildConfigurationList = 54A48684260F59C0009AA8BD /* Build configuration list for PBXNativeTarget "SwiftCloneUpdated" */;
			buildPhases = (
				54A48671260F59C0009AA8BD /* Sources */,
				54A48672260F59C0009AA8BD /* Frameworks */,
				54A48673260F59C0009AA8BD /* Resources */,
			);
			buildRules = (
			);
			dependencies = (
			);
			name = SwiftCloneUpdated;
			productName = SwiftCloneUpdated;
			productReference = 54A48675260F59C0009AA8BD /* SwiftCloneUpdated.app */;
			productType = "com.apple.product-type.application";
		};
/* End PBXNativeTarget section */

/* Begin PBXProject section */
		54A4866D260F59C0009AA8BD /* Project object */ = {
			isa = PBXProject;
			attributes = {
				LastSwiftUpdateCheck = 1240;
				LastUpgradeCheck = 1240;
				TargetAttributes = {
					54A48674260F59C0009AA8BD = {
						CreatedOnToolsVersion = 12.4;
					};
				};
			};
			buildConfigurationList = 54A48670260F59C0009AA8BD /* Build configuration list for PBXProject "SwiftCloneUpdated" */;
			compatibilityVersion = "Xcode 9.3";
			developmentRegion = en;
			hasScannedForEncodings = 0;
			knownRegions = (
				en,
				Base,
			);
			mainGroup = 54A4866C260F59C0009AA8BD;
			productRefGroup = 54A48676260F59C0009AA8BD /* Products */;
			projectDirPath = "";
			projectRoot = "";
			targets = (
				54A48674260F59C0009AA8BD /* SwiftCloneUpdated */,
			);
		};
/* End PBXProject section */

/* Begin PBXResourcesBuildPhase section */
		54A48673260F59C0009AA8BD /* Resources */ = {
			isa = PBXResourcesBuildPhase;
			buildActionMask = 2147483647;
			files = (
				54A48680260F59C0009AA8BD /* Preview Assets.xcassets in Resources */,
				54A4867D260F59C0009AA8BD /* Assets.xcassets in Resources */,
			);
			runOnlyForDeploymentPostprocessing = 0;
		};
/* End PBXResourcesBuildPhase section */

/* Begin PBXSourcesBuildPhase section */
		54A48671260F59C0009AA8BD /* Sources */ = {
			isa = PBXSourcesBuildPhase;
			buildActionMask = 2147483647;
			files = (
				54A48693260F59FC009AA8BD /* EntryScreen.swift in Sources */,
				54A48691260F59FC009AA8BD /* FeedScreen.swift in Sources */,
				54A48697260F5A0B009AA8BD /* TweetCell.swift in Sources */,
				54A48679260F59C0009AA8BD /* SwiftCloneUpdatedApp.swift in Sources */,
				54A48692260F59FC009AA8BD /* SearchScreen.swift in Sources */,
				54A4869B260F62C7009AA8BD /* SearchBar.swift in Sources */,
				54A4869E260F68D1009AA8BD /* UserCell.swift in Sources */,
			);
			runOnlyForDeploymentPostprocessing = 0;
		};
/* End PBXSourcesBuildPhase section */

/* Begin XCBuildConfiguration section */
		54A48682260F59C0009AA8BD /* Debug */ = {
			isa = XCBuildConfiguration;
			buildSettings = {
				ALWAYS_SEARCH_USER_PATHS = NO;
				CLANG_ANALYZER_NONNULL = YES;
				CLANG_ANALYZER_NUMBER_OBJECT_CONVERSION = YES_AGGRESSIVE;
				CLANG_CXX_LANGUAGE_STANDARD = "gnu++14";
				CLANG_CXX_LIBRARY = "libc++";
				CLANG_ENABLE_MODULES = YES;
				CLANG_ENABLE_OBJC_ARC = YES;
				CLANG_ENABLE_OBJC_WEAK = YES;
				CLANG_WARN_BLOCK_CAPTURE_AUTORELEASING = YES;
				CLANG_WARN_BOOL_CONVERSION = YES;
				CLANG_WARN_COMMA = YES;
				CLANG_WARN_CONSTANT_CONVERSION = YES;
				CLANG_WARN_DEPRECATED_OBJC_IMPLEMENTATIONS = YES;
				CLANG_WARN_DIRECT_OBJC_ISA_USAGE = YES_ERROR;
				CLANG_WARN_DOCUMENTATION_COMMENTS = YES;
				CLANG_WARN_EMPTY_BODY = YES;
				CLANG_WARN_ENUM_CONVERSION = YES;
				CLANG_WARN_INFINITE_RECURSION = YES;
				CLANG_WARN_INT_CONVERSION = YES;
				CLANG_WARN_NON_LITERAL_NULL_CONVERSION = YES;
				CLANG_WARN_OBJC_IMPLICIT_RETAIN_SELF = YES;
				CLANG_WARN_OBJC_LITERAL_CONVERSION = YES;
				CLANG_WARN_OBJC_ROOT_CLASS = YES_ERROR;
				CLANG_WARN_QUOTED_INCLUDE_IN_FRAMEWORK_HEADER = YES;
				CLANG_WARN_RANGE_LOOP_ANALYSIS = YES;
				CLANG_WARN_STRICT_PROTOTYPES = YES;
				CLANG_WARN_SUSPICIOUS_MOVE = YES;
				CLANG_WARN_UNGUARDED_AVAILABILITY = YES_AGGRESSIVE;
				CLANG_WARN_UNREACHABLE_CODE = YES;
				CLANG_WARN__DUPLICATE_METHOD_MATCH = YES;
				COPY_PHASE_STRIP = NO;
				DEBUG_INFORMATION_FORMAT = dwarf;
				ENABLE_STRICT_OBJC_MSGSEND = YES;
				ENABLE_TESTABILITY = YES;
				GCC_C_LANGUAGE_STANDARD = gnu11;
				GCC_DYNAMIC_NO_PIC = NO;
				GCC_NO_COMMON_BLOCKS = YES;
				GCC_OPTIMIZATION_LEVEL = 0;
				GCC_PREPROCESSOR_DEFINITIONS = (
					"DEBUG=1",
					"$(inherited)",
				);
				GCC_WARN_64_TO_32_BIT_CONVERSION = YES;
				GCC_WARN_ABOUT_RETURN_TYPE = YES_ERROR;
				GCC_WARN_UNDECLARED_SELECTOR = YES;
				GCC_WARN_UNINITIALIZED_AUTOS = YES_AGGRESSIVE;
				GCC_WARN_UNUSED_FUNCTION = YES;
				GCC_WARN_UNUSED_VARIABLE = YES;
				IPHONEOS_DEPLOYMENT_TARGET = 14.4;
				MTL_ENABLE_DEBUG_INFO = INCLUDE_SOURCE;
				MTL_FAST_MATH = YES;
				ONLY_ACTIVE_ARCH = YES;
				SDKROOT = iphoneos;
				SWIFT_ACTIVE_COMPILATION_CONDITIONS = DEBUG;
				SWIFT_OPTIMIZATION_LEVEL = "-Onone";
			};
			name = Debug;
		};
		54A48683260F59C0009AA8BD /* Release */ = {
			isa = XCBuildConfiguration;
			buildSettings = {
				ALWAYS_SEARCH_USER_PATHS = NO;
				CLANG_ANALYZER_NONNULL = YES;
				CLANG_ANALYZER_NUMBER_OBJECT_CONVERSION = YES_AGGRESSIVE;
				CLANG_CXX_LANGUAGE_STANDARD = "gnu++14";
				CLANG_CXX_LIBRARY = "libc++";
				CLANG_ENABLE_MODULES = YES;
				CLANG_ENABLE_OBJC_ARC = YES;
				CLANG_ENABLE_OBJC_WEAK = YES;
				CLANG_WARN_BLOCK_CAPTURE_AUTORELEASING = YES;
				CLANG_WARN_BOOL_CONVERSION = YES;
				CLANG_WARN_COMMA = YES;
				CLANG_WARN_CONSTANT_CONVERSION = YES;
				CLANG_WARN_DEPRECATED_OBJC_IMPLEMENTATIONS = YES;
				CLANG_WARN_DIRECT_OBJC_ISA_USAGE = YES_ERROR;
				CLANG_WARN_DOCUMENTATION_COMMENTS = YES;
				CLANG_WARN_EMPTY_BODY = YES;
				CLANG_WARN_ENUM_CONVERSION = YES;
				CLANG_WARN_INFINITE_RECURSION = YES;
				CLANG_WARN_INT_CONVERSION = YES;
				CLANG_WARN_NON_LITERAL_NULL_CONVERSION = YES;
				CLANG_WARN_OBJC_IMPLICIT_RETAIN_SELF = YES;
				CLANG_WARN_OBJC_LITERAL_CONVERSION = YES;
				CLANG_WARN_OBJC_ROOT_CLASS = YES_ERROR;
				CLANG_WARN_QUOTED_INCLUDE_IN_FRAMEWORK_HEADER = YES;
				CLANG_WARN_RANGE_LOOP_ANALYSIS = YES;
				CLANG_WARN_STRICT_PROTOTYPES = YES;
				CLANG_WARN_SUSPICIOUS_MOVE = YES;
				CLANG_WARN_UNGUARDED_AVAILABILITY = YES_AGGRESSIVE;
				CLANG_WARN_UNREACHABLE_CODE = YES;
				CLANG_WARN__DUPLICATE_METHOD_MATCH = YES;
				COPY_PHASE_STRIP = NO;
				DEBUG_INFORMATION_FORMAT = "dwarf-with-dsym";
				ENABLE_NS_ASSERTIONS = NO;
				ENABLE_STRICT_OBJC_MSGSEND = YES;
				GCC_C_LANGUAGE_STANDARD = gnu11;
				GCC_NO_COMMON_BLOCKS = YES;
				GCC_WARN_64_TO_32_BIT_CONVERSION = YES;
				GCC_WARN_ABOUT_RETURN_TYPE = YES_ERROR;
				GCC_WARN_UNDECLARED_SELECTOR = YES;
				GCC_WARN_UNINITIALIZED_AUTOS = YES_AGGRESSIVE;
				GCC_WARN_UNUSED_FUNCTION = YES;
				GCC_WARN_UNUSED_VARIABLE = YES;
				IPHONEOS_DEPLOYMENT_TARGET = 14.4;
				MTL_ENABLE_DEBUG_INFO = NO;
				MTL_FAST_MATH = YES;
				SDKROOT = iphoneos;
				SWIFT_COMPILATION_MODE = wholemodule;
				SWIFT_OPTIMIZATION_LEVEL = "-O";
				VALIDATE_PRODUCT = YES;
			};
			name = Release;
		};
		54A48685260F59C0009AA8BD /* Debug */ = {
			isa = XCBuildConfiguration;
			buildSettings = {
				ASSETCATALOG_COMPILER_APPICON_NAME = AppIcon;
				ASSETCATALOG_COMPILER_GLOBAL_ACCENT_COLOR_NAME = AccentColor;
				CODE_SIGN_STYLE = Automatic;
				DEVELOPMENT_ASSET_PATHS = "\"SwiftCloneUpdated/Preview Content\"";
				DEVELOPMENT_TEAM = 5DLWFAWWR7;
				ENABLE_PREVIEWS = YES;
				INFOPLIST_FILE = SwiftCloneUpdated/Info.plist;
				IPHONEOS_DEPLOYMENT_TARGET = 14.0;
				LD_RUNPATH_SEARCH_PATHS = (
					"$(inherited)",
					"@executable_path/Frameworks",
				);
				PRODUCT_BUNDLE_IDENTIFIER = shinspiegel.SwiftCloneUpdated;
				PRODUCT_NAME = "$(TARGET_NAME)";
				SWIFT_VERSION = 5.0;
				TARGETED_DEVICE_FAMILY = "1,2";
			};
			name = Debug;
		};
		54A48686260F59C0009AA8BD /* Release */ = {
			isa = XCBuildConfiguration;
			buildSettings = {
				ASSETCATALOG_COMPILER_APPICON_NAME = AppIcon;
				ASSETCATALOG_COMPILER_GLOBAL_ACCENT_COLOR_NAME = AccentColor;
				CODE_SIGN_STYLE = Automatic;
				DEVELOPMENT_ASSET_PATHS = "\"SwiftCloneUpdated/Preview Content\"";
				DEVELOPMENT_TEAM = 5DLWFAWWR7;
				ENABLE_PREVIEWS = YES;
				INFOPLIST_FILE = SwiftCloneUpdated/Info.plist;
				IPHONEOS_DEPLOYMENT_TARGET = 14.0;
				LD_RUNPATH_SEARCH_PATHS = (
					"$(inherited)",
					"@executable_path/Frameworks",
				);
				PRODUCT_BUNDLE_IDENTIFIER = shinspiegel.SwiftCloneUpdated;
				PRODUCT_NAME = "$(TARGET_NAME)";
				SWIFT_VERSION = 5.0;
				TARGETED_DEVICE_FAMILY = "1,2";
			};
			name = Release;
		};
/* End XCBuildConfiguration section */

/* Begin XCConfigurationList section */
		54A48670260F59C0009AA8BD /* Build configuration list for PBXProject "SwiftCloneUpdated" */ = {
			isa = XCConfigurationList;
			buildConfigurations = (
				54A48682260F59C0009AA8BD /* Debug */,
				54A48683260F59C0009AA8BD /* Release */,
			);
			defaultConfigurationIsVisible = 0;
			defaultConfigurationName = Release;
		};
		54A48684260F59C0009AA8BD /* Build configuration list for PBXNativeTarget "SwiftCloneUpdated" */ = {
			isa = XCConfigurationList;
			buildConfigurations = (
				54A48685260F59C0009AA8BD /* Debug */,
				54A48686260F59C0009AA8BD /* Release */,
			);
			defaultConfigurationIsVisible = 0;
			defaultConfigurationName = Release;
		};
/* End XCConfigurationList section */
	};
	rootObject = 54A4866D260F59C0009AA8BD /* Project object */;
}
