Microsoft Visual Studio Solution File, Format Version 12.00
# Visual Studio 2012
Project("{FAE04EC0-301F-11D3-BF4B-00C04F79EFBC}") = "UnNamed Caverns", "UnNamed Caverns.csproj", "{46265DB8-08A7-48B2-B1E6-69A2CF5B0F45}"
EndProject
Global
	GlobalSection(SolutionConfigurationPlatforms) = preSolution
	Debug|Any CPU = Debug|Any CPU
	ExportDebug|Any CPU = ExportDebug|Any CPU
	ExportRelease|Any CPU = ExportRelease|Any CPU
	EndGlobalSection
	GlobalSection(ProjectConfigurationPlatforms) = postSolution
		{46265DB8-08A7-48B2-B1E6-69A2CF5B0F45}.Debug|Any CPU.ActiveCfg = Debug|Any CPU
		{46265DB8-08A7-48B2-B1E6-69A2CF5B0F45}.Debug|Any CPU.Build.0 = Debug|Any CPU
		{46265DB8-08A7-48B2-B1E6-69A2CF5B0F45}.ExportDebug|Any CPU.ActiveCfg = ExportDebug|Any CPU
		{46265DB8-08A7-48B2-B1E6-69A2CF5B0F45}.ExportDebug|Any CPU.Build.0 = ExportDebug|Any CPU
		{46265DB8-08A7-48B2-B1E6-69A2CF5B0F45}.ExportRelease|Any CPU.ActiveCfg = ExportRelease|Any CPU
		{46265DB8-08A7-48B2-B1E6-69A2CF5B0F45}.ExportRelease|Any CPU.Build.0 = ExportRelease|Any CPU
	EndGlobalSection
EndGlobal
