// !$*UTF8*$!
{
	archiveVersion = 1;
	classes = {
	};
	objectVersion = 50;
	objects = {

/* Begin PBXBuildFile section */
		547F201C260B57050001B993 /* TweetCell.swift in Sources */ = {isa = PBXBuildFile; fileRef = 547F201B260B57050001B993 /* TweetCell.swift */; };
		547F201E260B5FAD0001B993 /* SearchScreen.swift in Sources */ = {isa = PBXBuildFile; fileRef = 547F201D260B5FAD0001B993 /* SearchScreen.swift */; };
		54C82E97260A05CB00E93DA3 /* AppDelegate.swift in Sources */ = {isa = PBXBuildFile; fileRef = 54C82E96260A05CB00E93DA3 /* AppDelegate.swift */; };
		54C82E99260A05CB00E93DA3 /* SceneDelegate.swift in Sources */ = {isa = PBXBuildFile; fileRef = 54C82E98260A05CB00E93DA3 /* SceneDelegate.swift */; };
		54C82E9B260A05CB00E93DA3 /* EntryScreen.swift in Sources */ = {isa = PBXBuildFile; fileRef = 54C82E9A260A05CB00E93DA3 /* EntryScreen.swift */; };
		54C82E9D260A05CC00E93DA3 /* Assets.xcassets in Resources */ = {isa = PBXBuildFile; fileRef = 54C82E9C260A05CC00E93DA3 /* Assets.xcassets */; };
		54C82EA0260A05CC00E93DA3 /* Preview Assets.xcassets in Resources */ = {isa = PBXBuildFile; fileRef = 54C82E9F260A05CC00E93DA3 /* Preview Assets.xcassets */; };
		54C82EA3260A05CC00E93DA3 /* LaunchScreen.storyboard in Resources */ = {isa = PBXBuildFile; fileRef = 54C82EA1260A05CC00E93DA3 /* LaunchScreen.storyboard */; };
		54C82EAF260A074C00E93DA3 /* FeedScreen.swift in Sources */ = {isa = PBXBuildFile; fileRef = 54C82EAE260A074C00E93DA3 /* FeedScreen.swift */; };
/* End PBXBuildFile section */

/* Begin PBXFileReference section */
		547F201B260B57050001B993 /* TweetCell.swift */ = {isa = PBXFileReference; lastKnownFileType = sourcecode.swift; path = TweetCell.swift; sourceTree = "<group>"; };
		547F201D260B5FAD0001B993 /* SearchScreen.swift */ = {isa = PBXFileReference; lastKnownFileType = sourcecode.swift; path = SearchScreen.swift; sourceTree = "<group>"; };
		54C82E93260A05CB00E93DA3 /* Twitter Clone.app */ = {isa = PBXFileReference; explicitFileType = wrapper.application; includeInIndex = 0; path = "Twitter Clone.app"; sourceTree = BUILT_PRODUCTS_DIR; };
		54C82E96260A05CB00E93DA3 /* AppDelegate.swift */ = {isa = PBXFileReference; lastKnownFileType = sourcecode.swift; path = AppDelegate.swift; sourceTree = "<group>"; };
		54C82E98260A05CB00E93DA3 /* SceneDelegate.swift */ = {isa = PBXFileReference; lastKnownFileType = sourcecode.swift; path = SceneDelegate.swift; sourceTree = "<group>"; };
		54C82E9A260A05CB00E93DA3 /* EntryScreen.swift */ = {isa = PBXFileReference; lastKnownFileType = sourcecode.swift; path = EntryScreen.swift; sourceTree = "<group>"; };
		54C82E9C260A05CC00E93DA3 /* Assets.xcassets */ = {isa = PBXFileReference; lastKnownFileType = folder.assetcatalog; path = Assets.xcassets; sourceTree = "<group>"; };
		54C82E9F260A05CC00E93DA3 /* Preview Assets.xcassets */ = {isa = PBXFileReference; lastKnownFileType = folder.assetcatalog; path = "Preview Assets.xcassets"; sourceTree = "<group>"; };
		54C82EA2260A05CC00E93DA3 /* Base */ = {isa = PBXFileReference; lastKnownFileType = file.storyboard; name = Base; path = Base.lproj/LaunchScreen.storyboard; sourceTree = "<group>"; };
		54C82EA4260A05CC00E93DA3 /* Info.plist */ = {isa = PBXFileReference; lastKnownFileType = text.plist.xml; path = Info.plist; sourceTree = "<group>"; };
		54C82EAE260A074C00E93DA3 /* FeedScreen.swift */ = {isa = PBXFileReference; lastKnownFileType = sourcecode.swift; path = FeedScreen.swift; sourceTree = "<group>"; };
/* End PBXFileReference section */

/* Begin PBXFrameworksBuildPhase section */
		54C82E90260A05CB00E93DA3 /* Frameworks */ = {
			isa = PBXFrameworksBuildPhase;
			buildActionMask = 2147483647;
			files = (
			);
			runOnlyForDeploymentPostprocessing = 0;
		};
/* End PBXFrameworksBuildPhase section */

/* Begin PBXGroup section */
		54C82E8A260A05CB00E93DA3 = {
			isa = PBXGroup;
			children = (
				54C82E95260A05CB00E93DA3 /* Twitter Clone */,
				54C82E94260A05CB00E93DA3 /* Products */,
			);
			sourceTree = "<group>";
		};
		54C82E94260A05CB00E93DA3 /* Products */ = {
			isa = PBXGroup;
			children = (
				54C82E93260A05CB00E93DA3 /* Twitter Clone.app */,
			);
			name = Products;
			sourceTree = "<group>";
		};
		54C82E95260A05CB00E93DA3 /* Twitter Clone */ = {
			isa = PBXGroup;
			children = (
				54C82EAC260A060600E93DA3 /* ViewModel */,
				54C82EAB260A05FB00E93DA3 /* Model */,
				54C82EAA260A05F600E93DA3 /* View */,
				54C82E96260A05CB00E93DA3 /* AppDelegate.swift */,
				54C82E98260A05CB00E93DA3 /* SceneDelegate.swift */,
				54C82E9C260A05CC00E93DA3 /* Assets.xcassets */,
				54C82EA1260A05CC00E93DA3 /* LaunchScreen.storyboard */,
				54C82EA4260A05CC00E93DA3 /* Info.plist */,
				54C82E9E260A05CC00E93DA3 /* Preview Content */,
			);
			path = "Twitter Clone";
			sourceTree = "<group>";
		};
		54C82E9E260A05CC00E93DA3 /* Preview Content */ = {
			isa = PBXGroup;
			children = (
				54C82E9F260A05CC00E93DA3 /* Preview Assets.xcassets */,
			);
			path = "Preview Content";
			sourceTree = "<group>";
		};
		54C82EAA260A05F600E93DA3 /* View */ = {
			isa = PBXGroup;
			children = (
				54C82EAD260A063100E93DA3 /* Subviews */,
				54C82E9A260A05CB00E93DA3 /* EntryScreen.swift */,
				54C82EAE260A074C00E93DA3 /* FeedScreen.swift */,
				547F201D260B5FAD0001B993 /* SearchScreen.swift */,
			);
			path = View;
			sourceTree = "<group>";
		};
		54C82EAB260A05FB00E93DA3 /* Model */ = {
			isa = PBXGroup;
			children = (
			);
			path = Model;
			sourceTree = "<group>";
		};
		54C82EAC260A060600E93DA3 /* ViewModel */ = {
			isa = PBXGroup;
			children = (
			);
			path = ViewModel;
			sourceTree = "<group>";
		};
		54C82EAD260A063100E93DA3 /* Subviews */ = {
			isa = PBXGroup;
			children = (
				547F201B260B57050001B993 /* TweetCell.swift */,
			);
			path = Subviews;
			sourceTree = "<group>";
		};
/* End PBXGroup section */

/* Begin PBXNativeTarget section */
		54C82E92260A05CB00E93DA3 /* Twitter Clone */ = {
			isa = PBXNativeTarget;
			buildConfigurationList = 54C82EA7260A05CC00E93DA3 /* Build configuration list for PBXNativeTarget "Twitter Clone" */;
			buildPhases = (
				54C82E8F260A05CB00E93DA3 /* Sources */,
				54C82E90260A05CB00E93DA3 /* Frameworks */,
				54C82E91260A05CB00E93DA3 /* Resources */,
			);
			buildRules = (
			);
			dependencies = (
			);
			name = "Twitter Clone";
			productName = "Twitter Clone";
			productReference = 54C82E93260A05CB00E93DA3 /* Twitter Clone.app */;
			productType = "com.apple.product-type.application";
		};
/* End PBXNativeTarget section */

/* Begin PBXProject section */
		54C82E8B260A05CB00E93DA3 /* Project object */ = {
			isa = PBXProject;
			attributes = {
				LastSwiftUpdateCheck = 1170;
				LastUpgradeCheck = 1170;
				ORGANIZATIONNAME = "Shin Spiegel";
				TargetAttributes = {
					54C82E92260A05CB00E93DA3 = {
						CreatedOnToolsVersion = 11.7;
					};
				};
			};
			buildConfigurationList = 54C82E8E260A05CB00E93DA3 /* Build configuration list for PBXProject "Twitter Clone" */;
			compatibilityVersion = "Xcode 9.3";
			developmentRegion = en;
			hasScannedForEncodings = 0;
			knownRegions = (
				en,
				Base,
			);
			mainGroup = 54C82E8A260A05CB00E93DA3;
			productRefGroup = 54C82E94260A05CB00E93DA3 /* Products */;
			projectDirPath = "";
			projectRoot = "";
			targets = (
				54C82E92260A05CB00E93DA3 /* Twitter Clone */,
			);
		};
/* End PBXProject section */

/* Begin PBXResourcesBuildPhase section */
		54C82E91260A05CB00E93DA3 /* Resources */ = {
			isa = PBXResourcesBuildPhase;
			buildActionMask = 2147483647;
			files = (
				54C82EA3260A05CC00E93DA3 /* LaunchScreen.storyboard in Resources */,
				54C82EA0260A05CC00E93DA3 /* Preview Assets.xcassets in Resources */,
				54C82E9D260A05CC00E93DA3 /* Assets.xcassets in Resources */,
			);
			runOnlyForDeploymentPostprocessing = 0;
		};
/* End PBXResourcesBuildPhase section */

/* Begin PBXSourcesBuildPhase section */
		54C82E8F260A05CB00E93DA3 /* Sources */ = {
			isa = PBXSourcesBuildPhase;
			buildActionMask = 2147483647;
			files = (
				54C82E97260A05CB00E93DA3 /* AppDelegate.swift in Sources */,
				54C82EAF260A074C00E93DA3 /* FeedScreen.swift in Sources */,
				547F201C260B57050001B993 /* TweetCell.swift in Sources */,
				54C82E99260A05CB00E93DA3 /* SceneDelegate.swift in Sources */,
				54C82E9B260A05CB00E93DA3 /* EntryScreen.swift in Sources */,
				547F201E260B5FAD0001B993 /* SearchScreen.swift in Sources */,
			);
			runOnlyForDeploymentPostprocessing = 0;
		};
/* End PBXSourcesBuildPhase section */

/* Begin PBXVariantGroup section */
		54C82EA1260A05CC00E93DA3 /* LaunchScreen.storyboard */ = {
			isa = PBXVariantGroup;
			children = (
				54C82EA2260A05CC00E93DA3 /* Base */,
			);
			name = LaunchScreen.storyboard;
			sourceTree = "<group>";
		};
/* End PBXVariantGroup section */

/* Begin XCBuildConfiguration section */
		54C82EA5260A05CC00E93DA3 /* Debug */ = {
			isa = XCBuildConfiguration;
			buildSettings = {
				ALWAYS_SEARCH_USER_PATHS = NO;
				CLANG_ANALYZER_NONNULL = YES;
				CLANG_ANALYZER_NUMBER_OBJECT_CONVERSION = YES_AGGRESSIVE;
				CLANG_CXX_LANGUAGE_STANDARD = "gnu++14";
				CLANG_CXX_LIBRARY = "libc++";
				CLANG_ENABLE_MODULES = YES;
				CLANG_ENABLE_OBJC_ARC = YES;
				CLANG_ENABLE_OBJC_WEAK = YES;
				CLANG_WARN_BLOCK_CAPTURE_AUTORELEASING = YES;
				CLANG_WARN_BOOL_CONVERSION = YES;
				CLANG_WARN_COMMA = YES;
				CLANG_WARN_CONSTANT_CONVERSION = YES;
				CLANG_WARN_DEPRECATED_OBJC_IMPLEMENTATIONS = YES;
				CLANG_WARN_DIRECT_OBJC_ISA_USAGE = YES_ERROR;
				CLANG_WARN_DOCUMENTATION_COMMENTS = YES;
				CLANG_WARN_EMPTY_BODY = YES;
				CLANG_WARN_ENUM_CONVERSION = YES;
				CLANG_WARN_INFINITE_RECURSION = YES;
				CLANG_WARN_INT_CONVERSION = YES;
				CLANG_WARN_NON_LITERAL_NULL_CONVERSION = YES;
				CLANG_WARN_OBJC_IMPLICIT_RETAIN_SELF = YES;
				CLANG_WARN_OBJC_LITERAL_CONVERSION = YES;
				CLANG_WARN_OBJC_ROOT_CLASS = YES_ERROR;
				CLANG_WARN_RANGE_LOOP_ANALYSIS = YES;
				CLANG_WARN_STRICT_PROTOTYPES = YES;
				CLANG_WARN_SUSPICIOUS_MOVE = YES;
				CLANG_WARN_UNGUARDED_AVAILABILITY = YES_AGGRESSIVE;
				CLANG_WARN_UNREACHABLE_CODE = YES;
				CLANG_WARN__DUPLICATE_METHOD_MATCH = YES;
				COPY_PHASE_STRIP = NO;
				DEBUG_INFORMATION_FORMAT = dwarf;
				ENABLE_STRICT_OBJC_MSGSEND = YES;
				ENABLE_TESTABILITY = YES;
				GCC_C_LANGUAGE_STANDARD = gnu11;
				GCC_DYNAMIC_NO_PIC = NO;
				GCC_NO_COMMON_BLOCKS = YES;
				GCC_OPTIMIZATION_LEVEL = 0;
				GCC_PREPROCESSOR_DEFINITIONS = (
					"DEBUG=1",
					"$(inherited)",
				);
				GCC_WARN_64_TO_32_BIT_CONVERSION = YES;
				GCC_WARN_ABOUT_RETURN_TYPE = YES_ERROR;
				GCC_WARN_UNDECLARED_SELECTOR = YES;
				GCC_WARN_UNINITIALIZED_AUTOS = YES_AGGRESSIVE;
				GCC_WARN_UNUSED_FUNCTION = YES;
				GCC_WARN_UNUSED_VARIABLE = YES;
				IPHONEOS_DEPLOYMENT_TARGET = 13.7;
				MTL_ENABLE_DEBUG_INFO = INCLUDE_SOURCE;
				MTL_FAST_MATH = YES;
				ONLY_ACTIVE_ARCH = YES;
				SDKROOT = iphoneos;
				SWIFT_ACTIVE_COMPILATION_CONDITIONS = DEBUG;
				SWIFT_OPTIMIZATION_LEVEL = "-Onone";
			};
			name = Debug;
		};
		54C82EA6260A05CC00E93DA3 /* Release */ = {
			isa = XCBuildConfiguration;
			buildSettings = {
				ALWAYS_SEARCH_USER_PATHS = NO;
				CLANG_ANALYZER_NONNULL = YES;
				CLANG_ANALYZER_NUMBER_OBJECT_CONVERSION = YES_AGGRESSIVE;
				CLANG_CXX_LANGUAGE_STANDARD = "gnu++14";
				CLANG_CXX_LIBRARY = "libc++";
				CLANG_ENABLE_MODULES = YES;
				CLANG_ENABLE_OBJC_ARC = YES;
				CLANG_ENABLE_OBJC_WEAK = YES;
				CLANG_WARN_BLOCK_CAPTURE_AUTORELEASING = YES;
				CLANG_WARN_BOOL_CONVERSION = YES;
				CLANG_WARN_COMMA = YES;
				CLANG_WARN_CONSTANT_CONVERSION = YES;
				CLANG_WARN_DEPRECATED_OBJC_IMPLEMENTATIONS = YES;
				CLANG_WARN_DIRECT_OBJC_ISA_USAGE = YES_ERROR;
				CLANG_WARN_DOCUMENTATION_COMMENTS = YES;
				CLANG_WARN_EMPTY_BODY = YES;
				CLANG_WARN_ENUM_CONVERSION = YES;
				CLANG_WARN_INFINITE_RECURSION = YES;
				CLANG_WARN_INT_CONVERSION = YES;
				CLANG_WARN_NON_LITERAL_NULL_CONVERSION = YES;
				CLANG_WARN_OBJC_IMPLICIT_RETAIN_SELF = YES;
				CLANG_WARN_OBJC_LITERAL_CONVERSION = YES;
				CLANG_WARN_OBJC_ROOT_CLASS = YES_ERROR;
				CLANG_WARN_RANGE_LOOP_ANALYSIS = YES;
				CLANG_WARN_STRICT_PROTOTYPES = YES;
				CLANG_WARN_SUSPICIOUS_MOVE = YES;
				CLANG_WARN_UNGUARDED_AVAILABILITY = YES_AGGRESSIVE;
				CLANG_WARN_UNREACHABLE_CODE = YES;
				CLANG_WARN__DUPLICATE_METHOD_MATCH = YES;
				COPY_PHASE_STRIP = NO;
				DEBUG_INFORMATION_FORMAT = "dwarf-with-dsym";
				ENABLE_NS_ASSERTIONS = NO;
				ENABLE_STRICT_OBJC_MSGSEND = YES;
				GCC_C_LANGUAGE_STANDARD = gnu11;
				GCC_NO_COMMON_BLOCKS = YES;
				GCC_WARN_64_TO_32_BIT_CONVERSION = YES;
				GCC_WARN_ABOUT_RETURN_TYPE = YES_ERROR;
				GCC_WARN_UNDECLARED_SELECTOR = YES;
				GCC_WARN_UNINITIALIZED_AUTOS = YES_AGGRESSIVE;
				GCC_WARN_UNUSED_FUNCTION = YES;
				GCC_WARN_UNUSED_VARIABLE = YES;
				IPHONEOS_DEPLOYMENT_TARGET = 13.7;
				MTL_ENABLE_DEBUG_INFO = NO;
				MTL_FAST_MATH = YES;
				SDKROOT = iphoneos;
				SWIFT_COMPILATION_MODE = wholemodule;
				SWIFT_OPTIMIZATION_LEVEL = "-O";
				VALIDATE_PRODUCT = YES;
			};
			name = Release;
		};
		54C82EA8260A05CC00E93DA3 /* Debug */ = {
			isa = XCBuildConfiguration;
			buildSettings = {
				ASSETCATALOG_COMPILER_APPICON_NAME = AppIcon;
				CODE_SIGN_STYLE = Automatic;
				DEVELOPMENT_ASSET_PATHS = "\"Twitter Clone/Preview Content\"";
				DEVELOPMENT_TEAM = 5DLWFAWWR7;
				ENABLE_PREVIEWS = YES;
				INFOPLIST_FILE = "Twitter Clone/Info.plist";
				LD_RUNPATH_SEARCH_PATHS = (
					"$(inherited)",
					"@executable_path/Frameworks",
				);
				PRODUCT_BUNDLE_IDENTIFIER = "shinspiegel.Twitter-Clone";
				PRODUCT_NAME = "$(TARGET_NAME)";
				SWIFT_VERSION = 5.0;
				TARGETED_DEVICE_FAMILY = "1,2";
			};
			name = Debug;
		};
		54C82EA9260A05CC00E93DA3 /* Release */ = {
			isa = XCBuildConfiguration;
			buildSettings = {
				ASSETCATALOG_COMPILER_APPICON_NAME = AppIcon;
				CODE_SIGN_STYLE = Automatic;
				DEVELOPMENT_ASSET_PATHS = "\"Twitter Clone/Preview Content\"";
				DEVELOPMENT_TEAM = 5DLWFAWWR7;
				ENABLE_PREVIEWS = YES;
				INFOPLIST_FILE = "Twitter Clone/Info.plist";
				LD_RUNPATH_SEARCH_PATHS = (
					"$(inherited)",
					"@executable_path/Frameworks",
				);
				PRODUCT_BUNDLE_IDENTIFIER = "shinspiegel.Twitter-Clone";
				PRODUCT_NAME = "$(TARGET_NAME)";
				SWIFT_VERSION = 5.0;
				TARGETED_DEVICE_FAMILY = "1,2";
			};
			name = Release;
		};
/* End XCBuildConfiguration section */

/* Begin XCConfigurationList section */
		54C82E8E260A05CB00E93DA3 /* Build configuration list for PBXProject "Twitter Clone" */ = {
			isa = XCConfigurationList;
			buildConfigurations = (
				54C82EA5260A05CC00E93DA3 /* Debug */,
				54C82EA6260A05CC00E93DA3 /* Release */,
			);
			defaultConfigurationIsVisible = 0;
			defaultConfigurationName = Release;
		};
		54C82EA7260A05CC00E93DA3 /* Build configuration list for PBXNativeTarget "Twitter Clone" */ = {
			isa = XCConfigurationList;
			buildConfigurations = (
				54C82EA8260A05CC00E93DA3 /* Debug */,
				54C82EA9260A05CC00E93DA3 /* Release */,
			);
			defaultConfigurationIsVisible = 0;
			defaultConfigurationName = Release;
		};
/* End XCConfigurationList section */
	};
	rootObject = 54C82E8B260A05CB00E93DA3 /* Project object */;
}
