// !$*UTF8*$!
{
	archiveVersion = 1;
	classes = {
	};
	objectVersion = 50;
	objects = {

/* Begin PBXBuildFile section */
		5404B4DC26096481003CEC04 /* AppDelegate.swift in Sources */ = {isa = PBXBuildFile; fileRef = 5404B4DB26096481003CEC04 /* AppDelegate.swift */; };
		5404B4DE26096481003CEC04 /* SceneDelegate.swift in Sources */ = {isa = PBXBuildFile; fileRef = 5404B4DD26096481003CEC04 /* SceneDelegate.swift */; };
		5404B4E026096481003CEC04 /* ContentView.swift in Sources */ = {isa = PBXBuildFile; fileRef = 5404B4DF26096481003CEC04 /* ContentView.swift */; };
		5404B4E226096483003CEC04 /* Assets.xcassets in Resources */ = {isa = PBXBuildFile; fileRef = 5404B4E126096483003CEC04 /* Assets.xcassets */; };
		5404B4E526096483003CEC04 /* Preview Assets.xcassets in Resources */ = {isa = PBXBuildFile; fileRef = 5404B4E426096483003CEC04 /* Preview Assets.xcassets */; };
		5404B4E826096483003CEC04 /* LaunchScreen.storyboard in Resources */ = {isa = PBXBuildFile; fileRef = 5404B4E626096483003CEC04 /* LaunchScreen.storyboard */; };
/* End PBXBuildFile section */

/* Begin PBXFileReference section */
		5404B4D826096481003CEC04 /* Twitter Swift Ui.app */ = {isa = PBXFileReference; explicitFileType = wrapper.application; includeInIndex = 0; path = "Twitter Swift Ui.app"; sourceTree = BUILT_PRODUCTS_DIR; };
		5404B4DB26096481003CEC04 /* AppDelegate.swift */ = {isa = PBXFileReference; lastKnownFileType = sourcecode.swift; path = AppDelegate.swift; sourceTree = "<group>"; };
		5404B4DD26096481003CEC04 /* SceneDelegate.swift */ = {isa = PBXFileReference; lastKnownFileType = sourcecode.swift; path = SceneDelegate.swift; sourceTree = "<group>"; };
		5404B4DF26096481003CEC04 /* ContentView.swift */ = {isa = PBXFileReference; lastKnownFileType = sourcecode.swift; path = ContentView.swift; sourceTree = "<group>"; };
		5404B4E126096483003CEC04 /* Assets.xcassets */ = {isa = PBXFileReference; lastKnownFileType = folder.assetcatalog; path = Assets.xcassets; sourceTree = "<group>"; };
		5404B4E426096483003CEC04 /* Preview Assets.xcassets */ = {isa = PBXFileReference; lastKnownFileType = folder.assetcatalog; path = "Preview Assets.xcassets"; sourceTree = "<group>"; };
		5404B4E726096483003CEC04 /* Base */ = {isa = PBXFileReference; lastKnownFileType = file.storyboard; name = Base; path = Base.lproj/LaunchScreen.storyboard; sourceTree = "<group>"; };
		5404B4E926096483003CEC04 /* Info.plist */ = {isa = PBXFileReference; lastKnownFileType = text.plist.xml; path = Info.plist; sourceTree = "<group>"; };
/* End PBXFileReference section */

/* Begin PBXFrameworksBuildPhase section */
		5404B4D526096481003CEC04 /* Frameworks */ = {
			isa = PBXFrameworksBuildPhase;
			buildActionMask = 2147483647;
			files = (
			);
			runOnlyForDeploymentPostprocessing = 0;
		};
/* End PBXFrameworksBuildPhase section */

/* Begin PBXGroup section */
		5404B4CF26096481003CEC04 = {
			isa = PBXGroup;
			children = (
				5404B4DA26096481003CEC04 /* Twitter Swift Ui */,
				5404B4D926096481003CEC04 /* Products */,
			);
			sourceTree = "<group>";
		};
		5404B4D926096481003CEC04 /* Products */ = {
			isa = PBXGroup;
			children = (
				5404B4D826096481003CEC04 /* Twitter Swift Ui.app */,
			);
			name = Products;
			sourceTree = "<group>";
		};
		5404B4DA26096481003CEC04 /* Twitter Swift Ui */ = {
			isa = PBXGroup;
			children = (
				5404B4DB26096481003CEC04 /* AppDelegate.swift */,
				5404B4DD26096481003CEC04 /* SceneDelegate.swift */,
				5404B4DF26096481003CEC04 /* ContentView.swift */,
				5404B4E126096483003CEC04 /* Assets.xcassets */,
				5404B4E626096483003CEC04 /* LaunchScreen.storyboard */,
				5404B4E926096483003CEC04 /* Info.plist */,
				5404B4E326096483003CEC04 /* Preview Content */,
			);
			path = "Twitter Swift Ui";
			sourceTree = "<group>";
		};
		5404B4E326096483003CEC04 /* Preview Content */ = {
			isa = PBXGroup;
			children = (
				5404B4E426096483003CEC04 /* Preview Assets.xcassets */,
			);
			path = "Preview Content";
			sourceTree = "<group>";
		};
/* End PBXGroup section */

/* Begin PBXNativeTarget section */
		5404B4D726096481003CEC04 /* Twitter Swift Ui */ = {
			isa = PBXNativeTarget;
			buildConfigurationList = 5404B4EC26096483003CEC04 /* Build configuration list for PBXNativeTarget "Twitter Swift Ui" */;
			buildPhases = (
				5404B4D426096481003CEC04 /* Sources */,
				5404B4D526096481003CEC04 /* Frameworks */,
				5404B4D626096481003CEC04 /* Resources */,
			);
			buildRules = (
			);
			dependencies = (
			);
			name = "Twitter Swift Ui";
			productName = "Twitter Swift Ui";
			productReference = 5404B4D826096481003CEC04 /* Twitter Swift Ui.app */;
			productType = "com.apple.product-type.application";
		};
/* End PBXNativeTarget section */

/* Begin PBXProject section */
		5404B4D026096481003CEC04 /* Project object */ = {
			isa = PBXProject;
			attributes = {
				LastSwiftUpdateCheck = 1170;
				LastUpgradeCheck = 1170;
				ORGANIZATIONNAME = "Shin Spiegel";
				TargetAttributes = {
					5404B4D726096481003CEC04 = {
						CreatedOnToolsVersion = 11.7;
					};
				};
			};
			buildConfigurationList = 5404B4D326096481003CEC04 /* Build configuration list for PBXProject "Twitter Swift Ui" */;
			compatibilityVersion = "Xcode 9.3";
			developmentRegion = en;
			hasScannedForEncodings = 0;
			knownRegions = (
				en,
				Base,
			);
			mainGroup = 5404B4CF26096481003CEC04;
			productRefGroup = 5404B4D926096481003CEC04 /* Products */;
			projectDirPath = "";
			projectRoot = "";
			targets = (
				5404B4D726096481003CEC04 /* Twitter Swift Ui */,
			);
		};
/* End PBXProject section */

/* Begin PBXResourcesBuildPhase section */
		5404B4D626096481003CEC04 /* Resources */ = {
			isa = PBXResourcesBuildPhase;
			buildActionMask = 2147483647;
			files = (
				5404B4E826096483003CEC04 /* LaunchScreen.storyboard in Resources */,
				5404B4E526096483003CEC04 /* Preview Assets.xcassets in Resources */,
				5404B4E226096483003CEC04 /* Assets.xcassets in Resources */,
			);
			runOnlyForDeploymentPostprocessing = 0;
		};
/* End PBXResourcesBuildPhase section */

/* Begin PBXSourcesBuildPhase section */
		5404B4D426096481003CEC04 /* Sources */ = {
			isa = PBXSourcesBuildPhase;
			buildActionMask = 2147483647;
			files = (
				5404B4DC26096481003CEC04 /* AppDelegate.swift in Sources */,
				5404B4DE26096481003CEC04 /* SceneDelegate.swift in Sources */,
				5404B4E026096481003CEC04 /* ContentView.swift in Sources */,
			);
			runOnlyForDeploymentPostprocessing = 0;
		};
/* End PBXSourcesBuildPhase section */

/* Begin PBXVariantGroup section */
		5404B4E626096483003CEC04 /* LaunchScreen.storyboard */ = {
			isa = PBXVariantGroup;
			children = (
				5404B4E726096483003CEC04 /* Base */,
			);
			name = LaunchScreen.storyboard;
			sourceTree = "<group>";
		};
/* End PBXVariantGroup section */

/* Begin XCBuildConfiguration section */
		5404B4EA26096483003CEC04 /* Debug */ = {
			isa = XCBuildConfiguration;
			buildSettings = {
				ALWAYS_SEARCH_USER_PATHS = NO;
				CLANG_ANALYZER_NONNULL = YES;
				CLANG_ANALYZER_NUMBER_OBJECT_CONVERSION = YES_AGGRESSIVE;
				CLANG_CXX_LANGUAGE_STANDARD = "gnu++14";
				CLANG_CXX_LIBRARY = "libc++";
				CLANG_ENABLE_MODULES = YES;
				CLANG_ENABLE_OBJC_ARC = YES;
				CLANG_ENABLE_OBJC_WEAK = YES;
				CLANG_WARN_BLOCK_CAPTURE_AUTORELEASING = YES;
				CLANG_WARN_BOOL_CONVERSION = YES;
				CLANG_WARN_COMMA = YES;
				CLANG_WARN_CONSTANT_CONVERSION = YES;
				CLANG_WARN_DEPRECATED_OBJC_IMPLEMENTATIONS = YES;
				CLANG_WARN_DIRECT_OBJC_ISA_USAGE = YES_ERROR;
				CLANG_WARN_DOCUMENTATION_COMMENTS = YES;
				CLANG_WARN_EMPTY_BODY = YES;
				CLANG_WARN_ENUM_CONVERSION = YES;
				CLANG_WARN_INFINITE_RECURSION = YES;
				CLANG_WARN_INT_CONVERSION = YES;
				CLANG_WARN_NON_LITERAL_NULL_CONVERSION = YES;
				CLANG_WARN_OBJC_IMPLICIT_RETAIN_SELF = YES;
				CLANG_WARN_OBJC_LITERAL_CONVERSION = YES;
				CLANG_WARN_OBJC_ROOT_CLASS = YES_ERROR;
				CLANG_WARN_RANGE_LOOP_ANALYSIS = YES;
				CLANG_WARN_STRICT_PROTOTYPES = YES;
				CLANG_WARN_SUSPICIOUS_MOVE = YES;
				CLANG_WARN_UNGUARDED_AVAILABILITY = YES_AGGRESSIVE;
				CLANG_WARN_UNREACHABLE_CODE = YES;
				CLANG_WARN__DUPLICATE_METHOD_MATCH = YES;
				COPY_PHASE_STRIP = NO;
				DEBUG_INFORMATION_FORMAT = dwarf;
				ENABLE_STRICT_OBJC_MSGSEND = YES;
				ENABLE_TESTABILITY = YES;
				GCC_C_LANGUAGE_STANDARD = gnu11;
				GCC_DYNAMIC_NO_PIC = NO;
				GCC_NO_COMMON_BLOCKS = YES;
				GCC_OPTIMIZATION_LEVEL = 0;
				GCC_PREPROCESSOR_DEFINITIONS = (
					"DEBUG=1",
					"$(inherited)",
				);
				GCC_WARN_64_TO_32_BIT_CONVERSION = YES;
				GCC_WARN_ABOUT_RETURN_TYPE = YES_ERROR;
				GCC_WARN_UNDECLARED_SELECTOR = YES;
				GCC_WARN_UNINITIALIZED_AUTOS = YES_AGGRESSIVE;
				GCC_WARN_UNUSED_FUNCTION = YES;
				GCC_WARN_UNUSED_VARIABLE = YES;
				IPHONEOS_DEPLOYMENT_TARGET = 13.7;
				MTL_ENABLE_DEBUG_INFO = INCLUDE_SOURCE;
				MTL_FAST_MATH = YES;
				ONLY_ACTIVE_ARCH = YES;
				SDKROOT = iphoneos;
				SWIFT_ACTIVE_COMPILATION_CONDITIONS = DEBUG;
				SWIFT_OPTIMIZATION_LEVEL = "-Onone";
			};
			name = Debug;
		};
		5404B4EB26096483003CEC04 /* Release */ = {
			isa = XCBuildConfiguration;
			buildSettings = {
				ALWAYS_SEARCH_USER_PATHS = NO;
				CLANG_ANALYZER_NONNULL = YES;
				CLANG_ANALYZER_NUMBER_OBJECT_CONVERSION = YES_AGGRESSIVE;
				CLANG_CXX_LANGUAGE_STANDARD = "gnu++14";
				CLANG_CXX_LIBRARY = "libc++";
				CLANG_ENABLE_MODULES = YES;
				CLANG_ENABLE_OBJC_ARC = YES;
				CLANG_ENABLE_OBJC_WEAK = YES;
				CLANG_WARN_BLOCK_CAPTURE_AUTORELEASING = YES;
				CLANG_WARN_BOOL_CONVERSION = YES;
				CLANG_WARN_COMMA = YES;
				CLANG_WARN_CONSTANT_CONVERSION = YES;
				CLANG_WARN_DEPRECATED_OBJC_IMPLEMENTATIONS = YES;
				CLANG_WARN_DIRECT_OBJC_ISA_USAGE = YES_ERROR;
				CLANG_WARN_DOCUMENTATION_COMMENTS = YES;
				CLANG_WARN_EMPTY_BODY = YES;
				CLANG_WARN_ENUM_CONVERSION = YES;
				CLANG_WARN_INFINITE_RECURSION = YES;
				CLANG_WARN_INT_CONVERSION = YES;
				CLANG_WARN_NON_LITERAL_NULL_CONVERSION = YES;
				CLANG_WARN_OBJC_IMPLICIT_RETAIN_SELF = YES;
				CLANG_WARN_OBJC_LITERAL_CONVERSION = YES;
				CLANG_WARN_OBJC_ROOT_CLASS = YES_ERROR;
				CLANG_WARN_RANGE_LOOP_ANALYSIS = YES;
				CLANG_WARN_STRICT_PROTOTYPES = YES;
				CLANG_WARN_SUSPICIOUS_MOVE = YES;
				CLANG_WARN_UNGUARDED_AVAILABILITY = YES_AGGRESSIVE;
				CLANG_WARN_UNREACHABLE_CODE = YES;
				CLANG_WARN__DUPLICATE_METHOD_MATCH = YES;
				COPY_PHASE_STRIP = NO;
				DEBUG_INFORMATION_FORMAT = "dwarf-with-dsym";
				ENABLE_NS_ASSERTIONS = NO;
				ENABLE_STRICT_OBJC_MSGSEND = YES;
				GCC_C_LANGUAGE_STANDARD = gnu11;
				GCC_NO_COMMON_BLOCKS = YES;
				GCC_WARN_64_TO_32_BIT_CONVERSION = YES;
				GCC_WARN_ABOUT_RETURN_TYPE = YES_ERROR;
				GCC_WARN_UNDECLARED_SELECTOR = YES;
				GCC_WARN_UNINITIALIZED_AUTOS = YES_AGGRESSIVE;
				GCC_WARN_UNUSED_FUNCTION = YES;
				GCC_WARN_UNUSED_VARIABLE = YES;
				IPHONEOS_DEPLOYMENT_TARGET = 13.7;
				MTL_ENABLE_DEBUG_INFO = NO;
				MTL_FAST_MATH = YES;
				SDKROOT = iphoneos;
				SWIFT_COMPILATION_MODE = wholemodule;
				SWIFT_OPTIMIZATION_LEVEL = "-O";
				VALIDATE_PRODUCT = YES;
			};
			name = Release;
		};
		5404B4ED26096483003CEC04 /* Debug */ = {
			isa = XCBuildConfiguration;
			buildSettings = {
				ASSETCATALOG_COMPILER_APPICON_NAME = AppIcon;
				CODE_SIGN_STYLE = Automatic;
				DEVELOPMENT_ASSET_PATHS = "\"Twitter Swift Ui/Preview Content\"";
				DEVELOPMENT_TEAM = 5DLWFAWWR7;
				ENABLE_PREVIEWS = YES;
				INFOPLIST_FILE = "Twitter Swift Ui/Info.plist";
				LD_RUNPATH_SEARCH_PATHS = (
					"$(inherited)",
					"@executable_path/Frameworks",
				);
				PRODUCT_BUNDLE_IDENTIFIER = "shinspiegel.Twitter-Swift-Ui";
				PRODUCT_NAME = "$(TARGET_NAME)";
				SWIFT_VERSION = 5.0;
				TARGETED_DEVICE_FAMILY = "1,2";
			};
			name = Debug;
		};
		5404B4EE26096483003CEC04 /* Release */ = {
			isa = XCBuildConfiguration;
			buildSettings = {
				ASSETCATALOG_COMPILER_APPICON_NAME = AppIcon;
				CODE_SIGN_STYLE = Automatic;
				DEVELOPMENT_ASSET_PATHS = "\"Twitter Swift Ui/Preview Content\"";
				DEVELOPMENT_TEAM = 5DLWFAWWR7;
				ENABLE_PREVIEWS = YES;
				INFOPLIST_FILE = "Twitter Swift Ui/Info.plist";
				LD_RUNPATH_SEARCH_PATHS = (
					"$(inherited)",
					"@executable_path/Frameworks",
				);
				PRODUCT_BUNDLE_IDENTIFIER = "shinspiegel.Twitter-Swift-Ui";
				PRODUCT_NAME = "$(TARGET_NAME)";
				SWIFT_VERSION = 5.0;
				TARGETED_DEVICE_FAMILY = "1,2";
			};
			name = Release;
		};
/* End XCBuildConfiguration section */

/* Begin XCConfigurationList section */
		5404B4D326096481003CEC04 /* Build configuration list for PBXProject "Twitter Swift Ui" */ = {
			isa = XCConfigurationList;
			buildConfigurations = (
				5404B4EA26096483003CEC04 /* Debug */,
				5404B4EB26096483003CEC04 /* Release */,
			);
			defaultConfigurationIsVisible = 0;
			defaultConfigurationName = Release;
		};
		5404B4EC26096483003CEC04 /* Build configuration list for PBXNativeTarget "Twitter Swift Ui" */ = {
			isa = XCConfigurationList;
			buildConfigurations = (
				5404B4ED26096483003CEC04 /* Debug */,
				5404B4EE26096483003CEC04 /* Release */,
			);
			defaultConfigurationIsVisible = 0;
			defaultConfigurationName = Release;
		};
/* End XCConfigurationList section */
	};
	rootObject = 5404B4D026096481003CEC04 /* Project object */;
}
